// !$*UTF8*$!
{
	archiveVersion = 1;
	classes = {
	};
	objectVersion = 46;
	objects = {

/* Begin PBXBuildFile section */
		525484B2195F27A9001EC846 /* AppDelegate.swift in Sources */ = {isa = PBXBuildFile; fileRef = 525484B1195F27A9001EC846 /* AppDelegate.swift */; };
		525484B4195F27A9001EC846 /* Images.xcassets in Resources */ = {isa = PBXBuildFile; fileRef = 525484B3195F27A9001EC846 /* Images.xcassets */; };
		525484C0195F27A9001EC846 /* iMusicTests.swift in Sources */ = {isa = PBXBuildFile; fileRef = 525484BF195F27A9001EC846 /* iMusicTests.swift */; };
		525484CB195F2F32001EC846 /* in_my_song.mp3 in Resources */ = {isa = PBXBuildFile; fileRef = 525484CA195F2F32001EC846 /* in_my_song.mp3 */; };
		525484CD195F2F77001EC846 /* PlayerViewController.swift in Sources */ = {isa = PBXBuildFile; fileRef = 525484CC195F2F77001EC846 /* PlayerViewController.swift */; };
		525484CF195F3A07001EC846 /* AudioToolbox.framework in Frameworks */ = {isa = PBXBuildFile; fileRef = 525484CE195F3A07001EC846 /* AudioToolbox.framework */; };
		525484D1195F3C9F001EC846 /* Telephone No Service.caf in Resources */ = {isa = PBXBuildFile; fileRef = 525484D0195F3C9F001EC846 /* Telephone No Service.caf */; };
		525484D3195F3DB5001EC846 /* in_my_song.wav in Resources */ = {isa = PBXBuildFile; fileRef = 525484D2195F3DB5001EC846 /* in_my_song.wav */; };
		525484D5195F3F1F001EC846 /* AVFoundation.framework in Frameworks */ = {isa = PBXBuildFile; fileRef = 525484D4195F3F1F001EC846 /* AVFoundation.framework */; };
/* End PBXBuildFile section */

/* Begin PBXContainerItemProxy section */
		525484BA195F27A9001EC846 /* PBXContainerItemProxy */ = {
			isa = PBXContainerItemProxy;
			containerPortal = 525484A4195F27A9001EC846 /* Project object */;
			proxyType = 1;
			remoteGlobalIDString = 525484AB195F27A9001EC846;
			remoteInfo = iMusic;
		};
/* End PBXContainerItemProxy section */

/* Begin PBXFileReference section */
		525484AC195F27A9001EC846 /* iMusic.app */ = {isa = PBXFileReference; explicitFileType = wrapper.application; includeInIndex = 0; path = iMusic.app; sourceTree = BUILT_PRODUCTS_DIR; };
		525484B0195F27A9001EC846 /* Info.plist */ = {isa = PBXFileReference; lastKnownFileType = text.plist.xml; path = Info.plist; sourceTree = "<group>"; };
		525484B1195F27A9001EC846 /* AppDelegate.swift */ = {isa = PBXFileReference; lastKnownFileType = sourcecode.swift; path = AppDelegate.swift; sourceTree = "<group>"; };
		525484B3195F27A9001EC846 /* Images.xcassets */ = {isa = PBXFileReference; lastKnownFileType = folder.assetcatalog; path = Images.xcassets; sourceTree = "<group>"; };
		525484B9195F27A9001EC846 /* iMusicTests.xctest */ = {isa = PBXFileReference; explicitFileType = wrapper.cfbundle; includeInIndex = 0; path = iMusicTests.xctest; sourceTree = BUILT_PRODUCTS_DIR; };
		525484BE195F27A9001EC846 /* Info.plist */ = {isa = PBXFileReference; lastKnownFileType = text.plist.xml; path = Info.plist; sourceTree = "<group>"; };
		525484BF195F27A9001EC846 /* iMusicTests.swift */ = {isa = PBXFileReference; lastKnownFileType = sourcecode.swift; path = iMusicTests.swift; sourceTree = "<group>"; };
		525484CA195F2F32001EC846 /* in_my_song.mp3 */ = {isa = PBXFileReference; lastKnownFileType = audio.mp3; path = in_my_song.mp3; sourceTree = "<group>"; };
		525484CC195F2F77001EC846 /* PlayerViewController.swift */ = {isa = PBXFileReference; fileEncoding = 4; lastKnownFileType = sourcecode.swift; path = PlayerViewController.swift; sourceTree = "<group>"; };
		525484CE195F3A07001EC846 /* AudioToolbox.framework */ = {isa = PBXFileReference; lastKnownFileType = wrapper.framework; name = AudioToolbox.framework; path = System/Library/Frameworks/AudioToolbox.framework; sourceTree = SDKROOT; };
		525484D0195F3C9F001EC846 /* Telephone No Service.caf */ = {isa = PBXFileReference; lastKnownFileType = file; path = "Telephone No Service.caf"; sourceTree = "<group>"; };
		525484D2195F3DB5001EC846 /* in_my_song.wav */ = {isa = PBXFileReference; lastKnownFileType = audio.wav; path = in_my_song.wav; sourceTree = "<group>"; };
		525484D4195F3F1F001EC846 /* AVFoundation.framework */ = {isa = PBXFileReference; lastKnownFileType = wrapper.framework; name = AVFoundation.framework; path = System/Library/Frameworks/AVFoundation.framework; sourceTree = SDKROOT; };
/* End PBXFileReference section */

/* Begin PBXFrameworksBuildPhase section */
		525484A9195F27A9001EC846 /* Frameworks */ = {
			isa = PBXFrameworksBuildPhase;
			buildActionMask = 2147483647;
			files = (
				525484D5195F3F1F001EC846 /* AVFoundation.framework in Frameworks */,
				525484CF195F3A07001EC846 /* AudioToolbox.framework in Frameworks */,
			);
			runOnlyForDeploymentPostprocessing = 0;
		};
		525484B6195F27A9001EC846 /* Frameworks */ = {
			isa = PBXFrameworksBuildPhase;
			buildActionMask = 2147483647;
			files = (
			);
			runOnlyForDeploymentPostprocessing = 0;
		};
/* End PBXFrameworksBuildPhase section */

/* Begin PBXGroup section */
		525484A3195F27A9001EC846 = {
			isa = PBXGroup;
			children = (
				525484D4195F3F1F001EC846 /* AVFoundation.framework */,
				525484CE195F3A07001EC846 /* AudioToolbox.framework */,
				525484C9195F2F32001EC846 /* Sources */,
				525484AE195F27A9001EC846 /* iMusic */,
				525484BC195F27A9001EC846 /* iMusicTests */,
				525484AD195F27A9001EC846 /* Products */,
			);
			sourceTree = "<group>";
		};
		525484AD195F27A9001EC846 /* Products */ = {
			isa = PBXGroup;
			children = (
				525484AC195F27A9001EC846 /* iMusic.app */,
				525484B9195F27A9001EC846 /* iMusicTests.xctest */,
			);
			name = Products;
			sourceTree = "<group>";
		};
		525484AE195F27A9001EC846 /* iMusic */ = {
			isa = PBXGroup;
			children = (
				525484B1195F27A9001EC846 /* AppDelegate.swift */,
				525484CC195F2F77001EC846 /* PlayerViewController.swift */,
				525484B3195F27A9001EC846 /* Images.xcassets */,
				525484AF195F27A9001EC846 /* Supporting Files */,
			);
			path = iMusic;
			sourceTree = "<group>";
		};
		525484AF195F27A9001EC846 /* Supporting Files */ = {
			isa = PBXGroup;
			children = (
				525484B0195F27A9001EC846 /* Info.plist */,
			);
			name = "Supporting Files";
			sourceTree = "<group>";
		};
		525484BC195F27A9001EC846 /* iMusicTests */ = {
			isa = PBXGroup;
			children = (
				525484BF195F27A9001EC846 /* iMusicTests.swift */,
				525484BD195F27A9001EC846 /* Supporting Files */,
			);
			path = iMusicTests;
			sourceTree = "<group>";
		};
		525484BD195F27A9001EC846 /* Supporting Files */ = {
			isa = PBXGroup;
			children = (
				525484BE195F27A9001EC846 /* Info.plist */,
			);
			name = "Supporting Files";
			sourceTree = "<group>";
		};
		525484C9195F2F32001EC846 /* Sources */ = {
			isa = PBXGroup;
			children = (
				525484D2195F3DB5001EC846 /* in_my_song.wav */,
				525484D0195F3C9F001EC846 /* Telephone No Service.caf */,
				525484CA195F2F32001EC846 /* in_my_song.mp3 */,
			);
			path = Sources;
			sourceTree = "<group>";
		};
/* End PBXGroup section */

/* Begin PBXNativeTarget section */
		525484AB195F27A9001EC846 /* iMusic */ = {
			isa = PBXNativeTarget;
			buildConfigurationList = 525484C3195F27A9001EC846 /* Build configuration list for PBXNativeTarget "iMusic" */;
			buildPhases = (
				525484A8195F27A9001EC846 /* Sources */,
				525484A9195F27A9001EC846 /* Frameworks */,
				525484AA195F27A9001EC846 /* Resources */,
			);
			buildRules = (
			);
			dependencies = (
			);
			name = iMusic;
			productName = iMusic;
			productReference = 525484AC195F27A9001EC846 /* iMusic.app */;
			productType = "com.apple.product-type.application";
		};
		525484B8195F27A9001EC846 /* iMusicTests */ = {
			isa = PBXNativeTarget;
			buildConfigurationList = 525484C6195F27A9001EC846 /* Build configuration list for PBXNativeTarget "iMusicTests" */;
			buildPhases = (
				525484B5195F27A9001EC846 /* Sources */,
				525484B6195F27A9001EC846 /* Frameworks */,
				525484B7195F27A9001EC846 /* Resources */,
			);
			buildRules = (
			);
			dependencies = (
				525484BB195F27A9001EC846 /* PBXTargetDependency */,
			);
			name = iMusicTests;
			productName = iMusicTests;
			productReference = 525484B9195F27A9001EC846 /* iMusicTests.xctest */;
			productType = "com.apple.product-type.bundle.unit-test";
		};
/* End PBXNativeTarget section */

/* Begin PBXProject section */
		525484A4195F27A9001EC846 /* Project object */ = {
			isa = PBXProject;
			attributes = {
				LastUpgradeCheck = 0600;
				ORGANIZATIONNAME = "Zijiao Liu";
				TargetAttributes = {
					525484AB195F27A9001EC846 = {
						CreatedOnToolsVersion = 6.0;
					};
					525484B8195F27A9001EC846 = {
						CreatedOnToolsVersion = 6.0;
						TestTargetID = 525484AB195F27A9001EC846;
					};
				};
			};
			buildConfigurationList = 525484A7195F27A9001EC846 /* Build configuration list for PBXProject "iMusic" */;
			compatibilityVersion = "Xcode 3.2";
			developmentRegion = English;
			hasScannedForEncodings = 0;
			knownRegions = (
				en,
			);
			mainGroup = 525484A3195F27A9001EC846;
			productRefGroup = 525484AD195F27A9001EC846 /* Products */;
			projectDirPath = "";
			projectRoot = "";
			targets = (
				525484AB195F27A9001EC846 /* iMusic */,
				525484B8195F27A9001EC846 /* iMusicTests */,
			);
		};
/* End PBXProject section */

/* Begin PBXResourcesBuildPhase section */
		525484AA195F27A9001EC846 /* Resources */ = {
			isa = PBXResourcesBuildPhase;
			buildActionMask = 2147483647;
			files = (
				525484D3195F3DB5001EC846 /* in_my_song.wav in Resources */,
				525484CB195F2F32001EC846 /* in_my_song.mp3 in Resources */,
				525484B4195F27A9001EC846 /* Images.xcassets in Resources */,
				525484D1195F3C9F001EC846 /* Telephone No Service.caf in Resources */,
			);
			runOnlyForDeploymentPostprocessing = 0;
		};
		525484B7195F27A9001EC846 /* Resources */ = {
			isa = PBXResourcesBuildPhase;
			buildActionMask = 2147483647;
			files = (
			);
			runOnlyForDeploymentPostprocessing = 0;
		};
/* End PBXResourcesBuildPhase section */

/* Begin PBXSourcesBuildPhase section */
		525484A8195F27A9001EC846 /* Sources */ = {
			isa = PBXSourcesBuildPhase;
			buildActionMask = 2147483647;
			files = (
				525484B2195F27A9001EC846 /* AppDelegate.swift in Sources */,
				525484CD195F2F77001EC846 /* PlayerViewController.swift in Sources */,
			);
			runOnlyForDeploymentPostprocessing = 0;
		};
		525484B5195F27A9001EC846 /* Sources */ = {
			isa = PBXSourcesBuildPhase;
			buildActionMask = 2147483647;
			files = (
				525484C0195F27A9001EC846 /* iMusicTests.swift in Sources */,
			);
			runOnlyForDeploymentPostprocessing = 0;
		};
/* End PBXSourcesBuildPhase section */

/* Begin PBXTargetDependency section */
		525484BB195F27A9001EC846 /* PBXTargetDependency */ = {
			isa = PBXTargetDependency;
			target = 525484AB195F27A9001EC846 /* iMusic */;
			targetProxy = 525484BA195F27A9001EC846 /* PBXContainerItemProxy */;
		};
/* End PBXTargetDependency section */

/* Begin XCBuildConfiguration section */
		525484C1195F27A9001EC846 /* Debug */ = {
			isa = XCBuildConfiguration;
			buildSettings = {
				ALWAYS_SEARCH_USER_PATHS = NO;
				CLANG_CXX_LANGUAGE_STANDARD = "gnu++0x";
				CLANG_CXX_LIBRARY = "libc++";
				CLANG_ENABLE_MODULES = YES;
				CLANG_ENABLE_OBJC_ARC = YES;
				CLANG_WARN_BOOL_CONVERSION = YES;
				CLANG_WARN_CONSTANT_CONVERSION = YES;
				CLANG_WARN_DIRECT_OBJC_ISA_USAGE = YES_ERROR;
				CLANG_WARN_EMPTY_BODY = YES;
				CLANG_WARN_ENUM_CONVERSION = YES;
				CLANG_WARN_INT_CONVERSION = YES;
				CLANG_WARN_OBJC_ROOT_CLASS = YES_ERROR;
				CLANG_WARN_UNREACHABLE_CODE = YES;
				CLANG_WARN__DUPLICATE_METHOD_MATCH = YES;
				"CODE_SIGN_IDENTITY[sdk=iphoneos*]" = "iPhone Developer";
				COPY_PHASE_STRIP = NO;
				ENABLE_STRICT_OBJC_MSGSEND = YES;
				GCC_C_LANGUAGE_STANDARD = gnu99;
				GCC_DYNAMIC_NO_PIC = NO;
				GCC_OPTIMIZATION_LEVEL = 0;
				GCC_PREPROCESSOR_DEFINITIONS = (
					"DEBUG=1",
					"$(inherited)",
				);
				GCC_SYMBOLS_PRIVATE_EXTERN = NO;
				GCC_WARN_64_TO_32_BIT_CONVERSION = YES;
				GCC_WARN_ABOUT_RETURN_TYPE = YES_ERROR;
				GCC_WARN_UNDECLARED_SELECTOR = YES;
				GCC_WARN_UNINITIALIZED_AUTOS = YES_AGGRESSIVE;
				GCC_WARN_UNUSED_FUNCTION = YES;
				GCC_WARN_UNUSED_VARIABLE = YES;
				IPHONEOS_DEPLOYMENT_TARGET = 8.0;
				METAL_ENABLE_DEBUG_INFO = YES;
				ONLY_ACTIVE_ARCH = YES;
				SDKROOT = iphoneos;
				SWIFT_OPTIMIZATION_LEVEL = "-Onone";
			};
			name = Debug;
		};
		525484C2195F27A9001EC846 /* Release */ = {
			isa = XCBuildConfiguration;
			buildSettings = {
				ALWAYS_SEARCH_USER_PATHS = NO;
				CLANG_CXX_LANGUAGE_STANDARD = "gnu++0x";
				CLANG_CXX_LIBRARY = "libc++";
				CLANG_ENABLE_MODULES = YES;
				CLANG_ENABLE_OBJC_ARC = YES;
				CLANG_WARN_BOOL_CONVERSION = YES;
				CLANG_WARN_CONSTANT_CONVERSION = YES;
				CLANG_WARN_DIRECT_OBJC_ISA_USAGE = YES_ERROR;
				CLANG_WARN_EMPTY_BODY = YES;
				CLANG_WARN_ENUM_CONVERSION = YES;
				CLANG_WARN_INT_CONVERSION = YES;
				CLANG_WARN_OBJC_ROOT_CLASS = YES_ERROR;
				CLANG_WARN_UNREACHABLE_CODE = YES;
				CLANG_WARN__DUPLICATE_METHOD_MATCH = YES;
				"CODE_SIGN_IDENTITY[sdk=iphoneos*]" = "iPhone Developer";
				COPY_PHASE_STRIP = YES;
				ENABLE_NS_ASSERTIONS = NO;
				ENABLE_STRICT_OBJC_MSGSEND = YES;
				GCC_C_LANGUAGE_STANDARD = gnu99;
				GCC_WARN_64_TO_32_BIT_CONVERSION = YES;
				GCC_WARN_ABOUT_RETURN_TYPE = YES_ERROR;
				GCC_WARN_UNDECLARED_SELECTOR = YES;
				GCC_WARN_UNINITIALIZED_AUTOS = YES_AGGRESSIVE;
				GCC_WARN_UNUSED_FUNCTION = YES;
				GCC_WARN_UNUSED_VARIABLE = YES;
				IPHONEOS_DEPLOYMENT_TARGET = 8.0;
				METAL_ENABLE_DEBUG_INFO = NO;
				SDKROOT = iphoneos;
				VALIDATE_PRODUCT = YES;
			};
			name = Release;
		};
		525484C4195F27A9001EC846 /* Debug */ = {
			isa = XCBuildConfiguration;
			buildSettings = {
				ASSETCATALOG_COMPILER_APPICON_NAME = AppIcon;
				ASSETCATALOG_COMPILER_LAUNCHIMAGE_NAME = LaunchImage;
				INFOPLIST_FILE = iMusic/Info.plist;
				LD_RUNPATH_SEARCH_PATHS = "$(inherited) @executable_path/Frameworks";
				PRODUCT_NAME = "$(TARGET_NAME)";
			};
			name = Debug;
		};
		525484C5195F27A9001EC846 /* Release */ = {
			isa = XCBuildConfiguration;
			buildSettings = {
				ASSETCATALOG_COMPILER_APPICON_NAME = AppIcon;
				ASSETCATALOG_COMPILER_LAUNCHIMAGE_NAME = LaunchImage;
				INFOPLIST_FILE = iMusic/Info.plist;
				LD_RUNPATH_SEARCH_PATHS = "$(inherited) @executable_path/Frameworks";
				PRODUCT_NAME = "$(TARGET_NAME)";
			};
			name = Release;
		};
		525484C7195F27A9001EC846 /* Debug */ = {
			isa = XCBuildConfiguration;
			buildSettings = {
				BUNDLE_LOADER = "$(BUILT_PRODUCTS_DIR)/iMusic.app/iMusic";
				FRAMEWORK_SEARCH_PATHS = (
					"$(SDKROOT)/Developer/Library/Frameworks",
					"$(inherited)",
				);
				GCC_PREPROCESSOR_DEFINITIONS = (
					"DEBUG=1",
					"$(inherited)",
				);
				INFOPLIST_FILE = iMusicTests/Info.plist;
				LD_RUNPATH_SEARCH_PATHS = "$(inherited) @executable_path/Frameworks @loader_path/Frameworks";
				METAL_ENABLE_DEBUG_INFO = YES;
				PRODUCT_NAME = "$(TARGET_NAME)";
				TEST_HOST = "$(BUNDLE_LOADER)";
			};
			name = Debug;
		};
		525484C8195F27A9001EC846 /* Release */ = {
			isa = XCBuildConfiguration;
			buildSettings = {
				BUNDLE_LOADER = "$(BUILT_PRODUCTS_DIR)/iMusic.app/iMusic";
				FRAMEWORK_SEARCH_PATHS = (
					"$(SDKROOT)/Developer/Library/Frameworks",
					"$(inherited)",
				);
				INFOPLIST_FILE = iMusicTests/Info.plist;
				LD_RUNPATH_SEARCH_PATHS = "$(inherited) @executable_path/Frameworks @loader_path/Frameworks";
				METAL_ENABLE_DEBUG_INFO = NO;
				PRODUCT_NAME = "$(TARGET_NAME)";
				TEST_HOST = "$(BUNDLE_LOADER)";
			};
			name = Release;
		};
/* End XCBuildConfiguration section */

/* Begin XCConfigurationList section */
		525484A7195F27A9001EC846 /* Build configuration list for PBXProject "iMusic" */ = {
			isa = XCConfigurationList;
			buildConfigurations = (
				525484C1195F27A9001EC846 /* Debug */,
				525484C2195F27A9001EC846 /* Release */,
			);
			defaultConfigurationIsVisible = 0;
			defaultConfigurationName = Release;
		};
		525484C3195F27A9001EC846 /* Build configuration list for PBXNativeTarget "iMusic" */ = {
			isa = XCConfigurationList;
			buildConfigurations = (
				525484C4195F27A9001EC846 /* Debug */,
				525484C5195F27A9001EC846 /* Release */,
			);
			defaultConfigurationIsVisible = 0;
			defaultConfigurationName = Release;
		};
		525484C6195F27A9001EC846 /* Build configuration list for PBXNativeTarget "iMusicTests" */ = {
			isa = XCConfigurationList;
			buildConfigurations = (
				525484C7195F27A9001EC846 /* Debug */,
				525484C8195F27A9001EC846 /* Release */,
			);
			defaultConfigurationIsVisible = 0;
			defaultConfigurationName = Release;
		};
/* End XCConfigurationList section */
	};
	rootObject = 525484A4195F27A9001EC846 /* Project object */;
}
